{
  "requires": true,
  "lockfileVersion": 1,
  "dependencies": {
    "vue-country-code-select": {
      "version": "1.6.7",
      "resolved": "https://registry.npmjs.org/vue-country-code-select/-/vue-country-code-select-1.6.7.tgz",
      "integrity": "sha512-90GQek/OYAHhwEAtiCklalDZZlfMQyuxro//c03TX2n0JLIOZDWV31qgWjQns9BMtWQ2f4g9gW66ycFkXm0ZYg=="
    }
  }
}
